
Microsoft Visual Studio Solution File, Format Version 12.00
# Visual Studio Version 17
VisualStudioVersion = 17.2.32602.215
MinimumVisualStudioVersion = 10.0.40219.1
Project("{FAE04EC0-301F-11D3-BF4B-00C04F79EFBC}") = "AspNet", "AspNet\AspNet.csproj", "{F501ABC2-6434-4999-A3FD-30FC1B3F1BDD}"
EndProject
Global
	GlobalSection(SolutionConfigurationPlatforms) = preSolution
		Debug|Any CPU = Debug|Any CPU
		Release|Any CPU = Release|Any CPU
	EndGlobalSection
	GlobalSection(ProjectConfigurationPlatforms) = postSolution
		{F501ABC2-6434-4999-A3FD-30FC1B3F1BDD}.Debug|Any CPU.ActiveCfg = Debug|Any CPU
		{F501ABC2-6434-4999-A3FD-30FC1B3F1BDD}.Debug|Any CPU.Build.0 = Debug|Any CPU
		{F501ABC2-6434-4999-A3FD-30FC1B3F1BDD}.Release|Any CPU.ActiveCfg = Release|Any CPU
		{F501ABC2-6434-4999-A3FD-30FC1B3F1BDD}.Release|Any CPU.Build.0 = Release|Any CPU
	EndGlobalSection
	GlobalSection(SolutionProperties) = preSolution
		HideSolutionNode = FALSE
	EndGlobalSection
	GlobalSection(ExtensibilityGlobals) = postSolution
		SolutionGuid = {15B0FF45-3236-4169-8F86-52CBE18BF12A}
	EndGlobalSection
EndGlobal
