
Microsoft Visual Studio Solution File, Format Version 12.00
# Visual Studio Version 17
VisualStudioVersion = 17.2.32602.215
MinimumVisualStudioVersion = 10.0.40219.1
Project("{FAE04EC0-301F-11D3-BF4B-00C04F79EFBC}") = "NETFramework", "NETFramework\NETFramework.csproj", "{52C61EFC-2DD0-4127-9B94-3C98C272F9EE}"
EndProject
Global
	GlobalSection(SolutionConfigurationPlatforms) = preSolution
		Debug|Any CPU = Debug|Any CPU
		Release|Any CPU = Release|Any CPU
	EndGlobalSection
	GlobalSection(ProjectConfigurationPlatforms) = postSolution
		{52C61EFC-2DD0-4127-9B94-3C98C272F9EE}.Debug|Any CPU.ActiveCfg = Debug|Any CPU
		{52C61EFC-2DD0-4127-9B94-3C98C272F9EE}.Debug|Any CPU.Build.0 = Debug|Any CPU
		{52C61EFC-2DD0-4127-9B94-3C98C272F9EE}.Release|Any CPU.ActiveCfg = Release|Any CPU
		{52C61EFC-2DD0-4127-9B94-3C98C272F9EE}.Release|Any CPU.Build.0 = Release|Any CPU
	EndGlobalSection
	GlobalSection(SolutionProperties) = preSolution
		HideSolutionNode = FALSE
	EndGlobalSection
	GlobalSection(ExtensibilityGlobals) = postSolution
		SolutionGuid = {60A45052-52BA-4736-B35E-BE644020B81A}
	EndGlobalSection
EndGlobal
